
Microsoft Visual Studio Solution File, Format Version 12.00
# Visual Studio 15
Project("{FAE04EC0-301F-11D3-BF4B-00C04F79EFBC}") = "Assembly-CSharp", "Assembly-CSharp.csproj", "{AA6D620A-A82B-4654-0C9C-675CC8F376F8}"
EndProject
Project("{FAE04EC0-301F-11D3-BF4B-00C04F79EFBC}") = "Assembly-CSharp-firstpass", "Assembly-CSharp-firstpass.csproj", "{3C11B225-0E15-9ED4-3BD8-00A994749F82}"
EndProject
Project("{FAE04EC0-301F-11D3-BF4B-00C04F79EFBC}") = "Assembly-CSharp-Editor-firstpass", "Assembly-CSharp-Editor-firstpass.csproj", "{38684765-2F7E-EF71-92CC-BF2D23848EBE}"
EndProject
Global
	GlobalSection(SolutionConfigurationPlatforms) = preSolution
		Debug|Any CPU = Debug|Any CPU
		Release|Any CPU = Release|Any CPU
	EndGlobalSection
	GlobalSection(ProjectConfigurationPlatforms) = postSolution
		{AA6D620A-A82B-4654-0C9C-675CC8F376F8}.Debug|Any CPU.ActiveCfg = Debug|Any CPU
		{AA6D620A-A82B-4654-0C9C-675CC8F376F8}.Debug|Any CPU.Build.0 = Debug|Any CPU
		{AA6D620A-A82B-4654-0C9C-675CC8F376F8}.Release|Any CPU.ActiveCfg = Release|Any CPU
		{AA6D620A-A82B-4654-0C9C-675CC8F376F8}.Release|Any CPU.Build.0 = Release|Any CPU
		{3C11B225-0E15-9ED4-3BD8-00A994749F82}.Debug|Any CPU.ActiveCfg = Debug|Any CPU
		{3C11B225-0E15-9ED4-3BD8-00A994749F82}.Debug|Any CPU.Build.0 = Debug|Any CPU
		{3C11B225-0E15-9ED4-3BD8-00A994749F82}.Release|Any CPU.ActiveCfg = Release|Any CPU
		{3C11B225-0E15-9ED4-3BD8-00A994749F82}.Release|Any CPU.Build.0 = Release|Any CPU
		{38684765-2F7E-EF71-92CC-BF2D23848EBE}.Debug|Any CPU.ActiveCfg = Debug|Any CPU
		{38684765-2F7E-EF71-92CC-BF2D23848EBE}.Debug|Any CPU.Build.0 = Debug|Any CPU
		{38684765-2F7E-EF71-92CC-BF2D23848EBE}.Release|Any CPU.ActiveCfg = Release|Any CPU
		{38684765-2F7E-EF71-92CC-BF2D23848EBE}.Release|Any CPU.Build.0 = Release|Any CPU
	EndGlobalSection
	GlobalSection(SolutionProperties) = preSolution
		HideSolutionNode = FALSE
	EndGlobalSection
EndGlobal
